// !$*UTF8*$!
{
	archiveVersion = 1;
	classes = {
	};
	objectVersion = 50;
	objects = {

/* Begin PBXBuildFile section */
		A645994120F62A5400075D74 /* AppDelegate.swift in Sources */ = {isa = PBXBuildFile; fileRef = A645994020F62A5400075D74 /* AppDelegate.swift */; };
		A645994320F62A5400075D74 /* ViewController.swift in Sources */ = {isa = PBXBuildFile; fileRef = A645994220F62A5400075D74 /* ViewController.swift */; };
		A645994620F62A5400075D74 /* Main.storyboard in Resources */ = {isa = PBXBuildFile; fileRef = A645994420F62A5400075D74 /* Main.storyboard */; };
		A645994820F62A5500075D74 /* Assets.xcassets in Resources */ = {isa = PBXBuildFile; fileRef = A645994720F62A5500075D74 /* Assets.xcassets */; };
		A645994B20F62A5500075D74 /* LaunchScreen.storyboard in Resources */ = {isa = PBXBuildFile; fileRef = A645994920F62A5500075D74 /* LaunchScreen.storyboard */; };
		A645995520F62BBF00075D74 /* GoogleService-Info.plist in Resources */ = {isa = PBXBuildFile; fileRef = A645995420F62BBF00075D74 /* GoogleService-Info.plist */; };
		A67E1A0220F64E0600D208A9 /* LoginViewController.swift in Sources */ = {isa = PBXBuildFile; fileRef = A67E1A0120F64E0600D208A9 /* LoginViewController.swift */; };
		EB62A7C72673967D11626EDA /* Pods_chatdev.framework in Frameworks */ = {isa = PBXBuildFile; fileRef = 04CEEBEB43C909ED8B74F81B /* Pods_chatdev.framework */; };
/* End PBXBuildFile section */

/* Begin PBXFileReference section */
		04CEEBEB43C909ED8B74F81B /* Pods_chatdev.framework */ = {isa = PBXFileReference; explicitFileType = wrapper.framework; includeInIndex = 0; path = Pods_chatdev.framework; sourceTree = BUILT_PRODUCTS_DIR; };
		2B23A8030212CD1D3941579D /* Pods-chatdev.release.xcconfig */ = {isa = PBXFileReference; includeInIndex = 1; lastKnownFileType = text.xcconfig; name = "Pods-chatdev.release.xcconfig"; path = "Pods/Target Support Files/Pods-chatdev/Pods-chatdev.release.xcconfig"; sourceTree = "<group>"; };
		A645993D20F62A5400075D74 /* chatdev.app */ = {isa = PBXFileReference; explicitFileType = wrapper.application; includeInIndex = 0; path = chatdev.app; sourceTree = BUILT_PRODUCTS_DIR; };
		A645994020F62A5400075D74 /* AppDelegate.swift */ = {isa = PBXFileReference; lastKnownFileType = sourcecode.swift; path = AppDelegate.swift; sourceTree = "<group>"; };
		A645994220F62A5400075D74 /* ViewController.swift */ = {isa = PBXFileReference; lastKnownFileType = sourcecode.swift; path = ViewController.swift; sourceTree = "<group>"; };
		A645994520F62A5400075D74 /* Base */ = {isa = PBXFileReference; lastKnownFileType = file.storyboard; name = Base; path = Base.lproj/Main.storyboard; sourceTree = "<group>"; };
		A645994720F62A5500075D74 /* Assets.xcassets */ = {isa = PBXFileReference; lastKnownFileType = folder.assetcatalog; path = Assets.xcassets; sourceTree = "<group>"; };
		A645994A20F62A5500075D74 /* Base */ = {isa = PBXFileReference; lastKnownFileType = file.storyboard; name = Base; path = Base.lproj/LaunchScreen.storyboard; sourceTree = "<group>"; };
		A645994C20F62A5500075D74 /* Info.plist */ = {isa = PBXFileReference; lastKnownFileType = text.plist.xml; path = Info.plist; sourceTree = "<group>"; };
		A645995420F62BBF00075D74 /* GoogleService-Info.plist */ = {isa = PBXFileReference; fileEncoding = 4; lastKnownFileType = text.plist.xml; name = "GoogleService-Info.plist"; path = "../../../../Downloads/GoogleService-Info.plist"; sourceTree = "<group>"; };
		A67E1A0120F64E0600D208A9 /* LoginViewController.swift */ = {isa = PBXFileReference; lastKnownFileType = sourcecode.swift; path = LoginViewController.swift; sourceTree = "<group>"; };
		EB06787EFED2B9886F3CDC35 /* Pods-chatdev.debug.xcconfig */ = {isa = PBXFileReference; includeInIndex = 1; lastKnownFileType = text.xcconfig; name = "Pods-chatdev.debug.xcconfig"; path = "Pods/Target Support Files/Pods-chatdev/Pods-chatdev.debug.xcconfig"; sourceTree = "<group>"; };
/* End PBXFileReference section */

/* Begin PBXFrameworksBuildPhase section */
		A645993A20F62A5400075D74 /* Frameworks */ = {
			isa = PBXFrameworksBuildPhase;
			buildActionMask = 2147483647;
			files = (
				EB62A7C72673967D11626EDA /* Pods_chatdev.framework in Frameworks */,
			);
			runOnlyForDeploymentPostprocessing = 0;
		};
/* End PBXFrameworksBuildPhase section */

/* Begin PBXGroup section */
		54C9F63120F2CB6D1B04C7F3 /* Pods */ = {
			isa = PBXGroup;
			children = (
				EB06787EFED2B9886F3CDC35 /* Pods-chatdev.debug.xcconfig */,
				2B23A8030212CD1D3941579D /* Pods-chatdev.release.xcconfig */,
			);
			name = Pods;
			sourceTree = "<group>";
		};
		80B0887BCC8F4EA535E97C31 /* Frameworks */ = {
			isa = PBXGroup;
			children = (
				04CEEBEB43C909ED8B74F81B /* Pods_chatdev.framework */,
			);
			name = Frameworks;
			sourceTree = "<group>";
		};
		A645993420F62A5400075D74 = {
			isa = PBXGroup;
			children = (
				A645993F20F62A5400075D74 /* chatdev */,
				A645993E20F62A5400075D74 /* Products */,
				54C9F63120F2CB6D1B04C7F3 /* Pods */,
				80B0887BCC8F4EA535E97C31 /* Frameworks */,
			);
			sourceTree = "<group>";
		};
		A645993E20F62A5400075D74 /* Products */ = {
			isa = PBXGroup;
			children = (
				A645993D20F62A5400075D74 /* chatdev.app */,
			);
			name = Products;
			sourceTree = "<group>";
		};
		A645993F20F62A5400075D74 /* chatdev */ = {
			isa = PBXGroup;
			children = (
				A645994020F62A5400075D74 /* AppDelegate.swift */,
				A645994220F62A5400075D74 /* ViewController.swift */,
				A645994420F62A5400075D74 /* Main.storyboard */,
				A645994720F62A5500075D74 /* Assets.xcassets */,
				A645994920F62A5500075D74 /* LaunchScreen.storyboard */,
				A645994C20F62A5500075D74 /* Info.plist */,
				A645995420F62BBF00075D74 /* GoogleService-Info.plist */,
				A67E1A0120F64E0600D208A9 /* LoginViewController.swift */,
			);
			path = chatdev;
			sourceTree = "<group>";
		};
/* End PBXGroup section */

/* Begin PBXNativeTarget section */
		A645993C20F62A5400075D74 /* chatdev */ = {
			isa = PBXNativeTarget;
			buildConfigurationList = A645994F20F62A5500075D74 /* Build configuration list for PBXNativeTarget "chatdev" */;
			buildPhases = (
				3DCF77326E5707BB245CB1F1 /* [CP] Check Pods Manifest.lock */,
				A645993920F62A5400075D74 /* Sources */,
				A645993A20F62A5400075D74 /* Frameworks */,
				A645993B20F62A5400075D74 /* Resources */,
				0C9AAF36FBC7FE0821D49EFA /* [CP] Embed Pods Frameworks */,
			);
			buildRules = (
			);
			dependencies = (
			);
			name = chatdev;
			productName = chatdev;
			productReference = A645993D20F62A5400075D74 /* chatdev.app */;
			productType = "com.apple.product-type.application";
		};
/* End PBXNativeTarget section */

/* Begin PBXProject section */
		A645993520F62A5400075D74 /* Project object */ = {
			isa = PBXProject;
			attributes = {
				LastSwiftUpdateCheck = 0930;
				LastUpgradeCheck = 0930;
				ORGANIZATIONNAME = UxU;
				TargetAttributes = {
					A645993C20F62A5400075D74 = {
						CreatedOnToolsVersion = 9.3;
					};
				};
			};
			buildConfigurationList = A645993820F62A5400075D74 /* Build configuration list for PBXProject "chatdev" */;
			compatibilityVersion = "Xcode 9.3";
			developmentRegion = en;
			hasScannedForEncodings = 0;
			knownRegions = (
				en,
				Base,
			);
			mainGroup = A645993420F62A5400075D74;
			productRefGroup = A645993E20F62A5400075D74 /* Products */;
			projectDirPath = "";
			projectRoot = "";
			targets = (
				A645993C20F62A5400075D74 /* chatdev */,
			);
		};
/* End PBXProject section */

/* Begin PBXResourcesBuildPhase section */
		A645993B20F62A5400075D74 /* Resources */ = {
			isa = PBXResourcesBuildPhase;
			buildActionMask = 2147483647;
			files = (
				A645994B20F62A5500075D74 /* LaunchScreen.storyboard in Resources */,
				A645995520F62BBF00075D74 /* GoogleService-Info.plist in Resources */,
				A645994820F62A5500075D74 /* Assets.xcassets in Resources */,
				A645994620F62A5400075D74 /* Main.storyboard in Resources */,
			);
			runOnlyForDeploymentPostprocessing = 0;
		};
/* End PBXResourcesBuildPhase section */

/* Begin PBXShellScriptBuildPhase section */
		0C9AAF36FBC7FE0821D49EFA /* [CP] Embed Pods Frameworks */ = {
			isa = PBXShellScriptBuildPhase;
			buildActionMask = 2147483647;
			files = (
			);
			inputPaths = (
				"${SRCROOT}/Pods/Target Support Files/Pods-chatdev/Pods-chatdev-frameworks.sh",
				"${BUILT_PRODUCTS_DIR}/GTMSessionFetcher/GTMSessionFetcher.framework",
				"${BUILT_PRODUCTS_DIR}/GoogleToolboxForMac/GoogleToolboxForMac.framework",
				"${BUILT_PRODUCTS_DIR}/JSQMessagesViewController/JSQMessagesViewController.framework",
				"${BUILT_PRODUCTS_DIR}/JSQSystemSoundPlayer/JSQSystemSoundPlayer.framework",
				"${BUILT_PRODUCTS_DIR}/leveldb-library/leveldb.framework",
				"${BUILT_PRODUCTS_DIR}/nanopb/nanopb.framework",
			);
			name = "[CP] Embed Pods Frameworks";
			outputPaths = (
				"${TARGET_BUILD_DIR}/${FRAMEWORKS_FOLDER_PATH}/GTMSessionFetcher.framework",
				"${TARGET_BUILD_DIR}/${FRAMEWORKS_FOLDER_PATH}/GoogleToolboxForMac.framework",
				"${TARGET_BUILD_DIR}/${FRAMEWORKS_FOLDER_PATH}/JSQMessagesViewController.framework",
				"${TARGET_BUILD_DIR}/${FRAMEWORKS_FOLDER_PATH}/JSQSystemSoundPlayer.framework",
				"${TARGET_BUILD_DIR}/${FRAMEWORKS_FOLDER_PATH}/leveldb.framework",
				"${TARGET_BUILD_DIR}/${FRAMEWORKS_FOLDER_PATH}/nanopb.framework",
			);
			runOnlyForDeploymentPostprocessing = 0;
			shellPath = /bin/sh;
			shellScript = "\"${SRCROOT}/Pods/Target Support Files/Pods-chatdev/Pods-chatdev-frameworks.sh\"\n";
			showEnvVarsInLog = 0;
		};
		3DCF77326E5707BB245CB1F1 /* [CP] Check Pods Manifest.lock */ = {
			isa = PBXShellScriptBuildPhase;
			buildActionMask = 2147483647;
			files = (
			);
			inputPaths = (
				"${PODS_PODFILE_DIR_PATH}/Podfile.lock",
				"${PODS_ROOT}/Manifest.lock",
			);
			name = "[CP] Check Pods Manifest.lock";
			outputPaths = (
				"$(DERIVED_FILE_DIR)/Pods-chatdev-checkManifestLockResult.txt",
			);
			runOnlyForDeploymentPostprocessing = 0;
			shellPath = /bin/sh;
			shellScript = "diff \"${PODS_PODFILE_DIR_PATH}/Podfile.lock\" \"${PODS_ROOT}/Manifest.lock\" > /dev/null\nif [ $? != 0 ] ; then\n    # print error to STDERR\n    echo \"error: The sandbox is not in sync with the Podfile.lock. Run 'pod install' or update your CocoaPods installation.\" >&2\n    exit 1\nfi\n# This output is used by Xcode 'outputs' to avoid re-running this script phase.\necho \"SUCCESS\" > \"${SCRIPT_OUTPUT_FILE_0}\"\n";
			showEnvVarsInLog = 0;
		};
/* End PBXShellScriptBuildPhase section */

/* Begin PBXSourcesBuildPhase section */
		A645993920F62A5400075D74 /* Sources */ = {
			isa = PBXSourcesBuildPhase;
			buildActionMask = 2147483647;
			files = (
				A67E1A0220F64E0600D208A9 /* LoginViewController.swift in Sources */,
				A645994320F62A5400075D74 /* ViewController.swift in Sources */,
				A645994120F62A5400075D74 /* AppDelegate.swift in Sources */,
			);
			runOnlyForDeploymentPostprocessing = 0;
		};
/* End PBXSourcesBuildPhase section */

/* Begin PBXVariantGroup section */
		A645994420F62A5400075D74 /* Main.storyboard */ = {
			isa = PBXVariantGroup;
			children = (
				A645994520F62A5400075D74 /* Base */,
			);
			name = Main.storyboard;
			sourceTree = "<group>";
		};
		A645994920F62A5500075D74 /* LaunchScreen.storyboard */ = {
			isa = PBXVariantGroup;
			children = (
				A645994A20F62A5500075D74 /* Base */,
			);
			name = LaunchScreen.storyboard;
			sourceTree = "<group>";
		};
/* End PBXVariantGroup section */

/* Begin XCBuildConfiguration section */
		A645994D20F62A5500075D74 /* Debug */ = {
			isa = XCBuildConfiguration;
			buildSettings = {
				ALWAYS_SEARCH_USER_PATHS = NO;
				CLANG_ANALYZER_NONNULL = YES;
				CLANG_ANALYZER_NUMBER_OBJECT_CONVERSION = YES_AGGRESSIVE;
				CLANG_CXX_LANGUAGE_STANDARD = "gnu++14";
				CLANG_CXX_LIBRARY = "libc++";
				CLANG_ENABLE_MODULES = YES;
				CLANG_ENABLE_OBJC_ARC = YES;
				CLANG_ENABLE_OBJC_WEAK = YES;
				CLANG_WARN_BLOCK_CAPTURE_AUTORELEASING = YES;
				CLANG_WARN_BOOL_CONVERSION = YES;
				CLANG_WARN_COMMA = YES;
				CLANG_WARN_CONSTANT_CONVERSION = YES;
				CLANG_WARN_DEPRECATED_OBJC_IMPLEMENTATIONS = YES;
				CLANG_WARN_DIRECT_OBJC_ISA_USAGE = YES_ERROR;
				CLANG_WARN_DOCUMENTATION_COMMENTS = YES;
				CLANG_WARN_EMPTY_BODY = YES;
				CLANG_WARN_ENUM_CONVERSION = YES;
				CLANG_WARN_INFINITE_RECURSION = YES;
				CLANG_WARN_INT_CONVERSION = YES;
				CLANG_WARN_NON_LITERAL_NULL_CONVERSION = YES;
				CLANG_WARN_OBJC_IMPLICIT_RETAIN_SELF = YES;
				CLANG_WARN_OBJC_LITERAL_CONVERSION = YES;
				CLANG_WARN_OBJC_ROOT_CLASS = YES_ERROR;
				CLANG_WARN_RANGE_LOOP_ANALYSIS = YES;
				CLANG_WARN_STRICT_PROTOTYPES = YES;
				CLANG_WARN_SUSPICIOUS_MOVE = YES;
				CLANG_WARN_UNGUARDED_AVAILABILITY = YES_AGGRESSIVE;
				CLANG_WARN_UNREACHABLE_CODE = YES;
				CLANG_WARN__DUPLICATE_METHOD_MATCH = YES;
				CODE_SIGN_IDENTITY = "iPhone Developer";
				COPY_PHASE_STRIP = NO;
				DEBUG_INFORMATION_FORMAT = dwarf;
				ENABLE_STRICT_OBJC_MSGSEND = YES;
				ENABLE_TESTABILITY = YES;
				GCC_C_LANGUAGE_STANDARD = gnu11;
				GCC_DYNAMIC_NO_PIC = NO;
				GCC_NO_COMMON_BLOCKS = YES;
				GCC_OPTIMIZATION_LEVEL = 0;
				GCC_PREPROCESSOR_DEFINITIONS = (
					"DEBUG=1",
					"$(inherited)",
				);
				GCC_WARN_64_TO_32_BIT_CONVERSION = YES;
				GCC_WARN_ABOUT_RETURN_TYPE = YES_ERROR;
				GCC_WARN_UNDECLARED_SELECTOR = YES;
				GCC_WARN_UNINITIALIZED_AUTOS = YES_AGGRESSIVE;
				GCC_WARN_UNUSED_FUNCTION = YES;
				GCC_WARN_UNUSED_VARIABLE = YES;
				IPHONEOS_DEPLOYMENT_TARGET = 11.3;
				MTL_ENABLE_DEBUG_INFO = YES;
				ONLY_ACTIVE_ARCH = YES;
				SDKROOT = iphoneos;
				SWIFT_ACTIVE_COMPILATION_CONDITIONS = DEBUG;
				SWIFT_OPTIMIZATION_LEVEL = "-Onone";
			};
			name = Debug;
		};
		A645994E20F62A5500075D74 /* Release */ = {
			isa = XCBuildConfiguration;
			buildSettings = {
				ALWAYS_SEARCH_USER_PATHS = NO;
				CLANG_ANALYZER_NONNULL = YES;
				CLANG_ANALYZER_NUMBER_OBJECT_CONVERSION = YES_AGGRESSIVE;
				CLANG_CXX_LANGUAGE_STANDARD = "gnu++14";
				CLANG_CXX_LIBRARY = "libc++";
				CLANG_ENABLE_MODULES = YES;
				CLANG_ENABLE_OBJC_ARC = YES;
				CLANG_ENABLE_OBJC_WEAK = YES;
				CLANG_WARN_BLOCK_CAPTURE_AUTORELEASING = YES;
				CLANG_WARN_BOOL_CONVERSION = YES;
				CLANG_WARN_COMMA = YES;
				CLANG_WARN_CONSTANT_CONVERSION = YES;
				CLANG_WARN_DEPRECATED_OBJC_IMPLEMENTATIONS = YES;
				CLANG_WARN_DIRECT_OBJC_ISA_USAGE = YES_ERROR;
				CLANG_WARN_DOCUMENTATION_COMMENTS = YES;
				CLANG_WARN_EMPTY_BODY = YES;
				CLANG_WARN_ENUM_CONVERSION = YES;
				CLANG_WARN_INFINITE_RECURSION = YES;
				CLANG_WARN_INT_CONVERSION = YES;
				CLANG_WARN_NON_LITERAL_NULL_CONVERSION = YES;
				CLANG_WARN_OBJC_IMPLICIT_RETAIN_SELF = YES;
				CLANG_WARN_OBJC_LITERAL_CONVERSION = YES;
				CLANG_WARN_OBJC_ROOT_CLASS = YES_ERROR;
				CLANG_WARN_RANGE_LOOP_ANALYSIS = YES;
				CLANG_WARN_STRICT_PROTOTYPES = YES;
				CLANG_WARN_SUSPICIOUS_MOVE = YES;
				CLANG_WARN_UNGUARDED_AVAILABILITY = YES_AGGRESSIVE;
				CLANG_WARN_UNREACHABLE_CODE = YES;
				CLANG_WARN__DUPLICATE_METHOD_MATCH = YES;
				CODE_SIGN_IDENTITY = "iPhone Developer";
				COPY_PHASE_STRIP = NO;
				DEBUG_INFORMATION_FORMAT = "dwarf-with-dsym";
				ENABLE_NS_ASSERTIONS = NO;
				ENABLE_STRICT_OBJC_MSGSEND = YES;
				GCC_C_LANGUAGE_STANDARD = gnu11;
				GCC_NO_COMMON_BLOCKS = YES;
				GCC_WARN_64_TO_32_BIT_CONVERSION = YES;
				GCC_WARN_ABOUT_RETURN_TYPE = YES_ERROR;
				GCC_WARN_UNDECLARED_SELECTOR = YES;
				GCC_WARN_UNINITIALIZED_AUTOS = YES_AGGRESSIVE;
				GCC_WARN_UNUSED_FUNCTION = YES;
				GCC_WARN_UNUSED_VARIABLE = YES;
				IPHONEOS_DEPLOYMENT_TARGET = 11.3;
				MTL_ENABLE_DEBUG_INFO = NO;
				SDKROOT = iphoneos;
				SWIFT_COMPILATION_MODE = wholemodule;
				SWIFT_OPTIMIZATION_LEVEL = "-O";
				VALIDATE_PRODUCT = YES;
			};
			name = Release;
		};
		A645995020F62A5500075D74 /* Debug */ = {
			isa = XCBuildConfiguration;
			baseConfigurationReference = EB06787EFED2B9886F3CDC35 /* Pods-chatdev.debug.xcconfig */;
			buildSettings = {
				ASSETCATALOG_COMPILER_APPICON_NAME = AppIcon;
				CODE_SIGN_STYLE = Automatic;
				INFOPLIST_FILE = chatdev/Info.plist;
				LD_RUNPATH_SEARCH_PATHS = (
					"$(inherited)",
					"@executable_path/Frameworks",
				);
				PRODUCT_BUNDLE_IDENTIFIER = uxu.chatdev;
				PRODUCT_NAME = "$(TARGET_NAME)";
				SWIFT_VERSION = 4.0;
				TARGETED_DEVICE_FAMILY = 1;
			};
			name = Debug;
		};
		A645995120F62A5500075D74 /* Release */ = {
			isa = XCBuildConfiguration;
			baseConfigurationReference = 2B23A8030212CD1D3941579D /* Pods-chatdev.release.xcconfig */;
			buildSettings = {
				ASSETCATALOG_COMPILER_APPICON_NAME = AppIcon;
				CODE_SIGN_STYLE = Automatic;
				INFOPLIST_FILE = chatdev/Info.plist;
				LD_RUNPATH_SEARCH_PATHS = (
					"$(inherited)",
					"@executable_path/Frameworks",
				);
				PRODUCT_BUNDLE_IDENTIFIER = uxu.chatdev;
				PRODUCT_NAME = "$(TARGET_NAME)";
				SWIFT_VERSION = 4.0;
				TARGETED_DEVICE_FAMILY = 1;
			};
			name = Release;
		};
/* End XCBuildConfiguration section */

/* Begin XCConfigurationList section */
		A645993820F62A5400075D74 /* Build configuration list for PBXProject "chatdev" */ = {
			isa = XCConfigurationList;
			buildConfigurations = (
				A645994D20F62A5500075D74 /* Debug */,
				A645994E20F62A5500075D74 /* Release */,
			);
			defaultConfigurationIsVisible = 0;
			defaultConfigurationName = Release;
		};
		A645994F20F62A5500075D74 /* Build configuration list for PBXNativeTarget "chatdev" */ = {
			isa = XCConfigurationList;
			buildConfigurations = (
				A645995020F62A5500075D74 /* Debug */,
				A645995120F62A5500075D74 /* Release */,
			);
			defaultConfigurationIsVisible = 0;
			defaultConfigurationName = Release;
		};
/* End XCConfigurationList section */
	};
	rootObject = A645993520F62A5400075D74 /* Project object */;
}
